{
  "originHash" : "d1ea2748f5062abeca846d5db550a89b692db75d33dc92c26c63dc2c27961585",
  "pins" : [
    {
      "identity" : "btree",
      "kind" : "remoteSourceControl",
      "location" : "https://github.com/pbk20191/BTree.git",
      "state" : {
        "branch" : "master",
        "revision" : "40118f3d653f7661c6f07d1f21019bc62677f81c"
      }
    },
    {
      "identity" : "swift-syntax",
      "kind" : "remoteSourceControl",
      "location" : "https://github.com/apple/swift-syntax",
      "state" : {
        "revision" : "f99ae8aa18f0cf0d53481901f88a0991dc3bd4a2",
        "version" : "601.0.1"
      }
    }
  ],
  "version" : 3
}
